# This file was autogenerated by Stack.
# You should not edit this file by hand.
# For more information, please see the documentation at:
#   https://docs.haskellstack.org/en/stable/lock_files

packages: []
snapshots:
- completed:
    size: 521697
    url: https://raw.githubusercontent.com/commercialhaskell/stackage-snapshots/master/nightly/2019/7/27.yaml
    sha256: 04abea78c29b5c667534d75da41d698645f4bad79dd3bb919c779bbef0dc499e
  original: nightly-2019-07-27
